
Microsoft Visual Studio Solution File, Format Version 12.00
# Visual Studio Version 17
VisualStudioVersion = 17.2.32516.85
MinimumVisualStudioVersion = 10.0.40219.1
Project("{9A19103F-16F7-4668-BE54-9A1E7A4F7556}") = "Core.Common.Model", "Core.Common.Model\Core.Common.Model.csproj", "{92F1F5D4-BE98-432B-B505-65459707B6FD}"
EndProject
Project("{9A19103F-16F7-4668-BE54-9A1E7A4F7556}") = "Core.Common.ProcessTemplate", "Core.Common.ProcessTemplate\Core.Common.ProcessTemplate.csproj", "{15AAF985-1512-4BFA-AF4B-302E7A049B30}"
EndProject
Project("{9A19103F-16F7-4668-BE54-9A1E7A4F7556}") = "Core.Common.Util", "Core.Common.Util\Core.Common.Util.csproj", "{BCEB019E-984C-48E7-BD7F-1387DD75CF76}"
EndProject
Project("{9A19103F-16F7-4668-BE54-9A1E7A4F7556}") = "Docs.Common", "Docs.Common\Docs.Common.csproj", "{9C74590B-497E-425A-B690-D88387E5522B}"
EndProject
Project("{9A19103F-16F7-4668-BE54-9A1E7A4F7556}") = "Core.Common.DataAccess", "Core.Common.DataAccess\Core.Common.DataAccess.csproj", "{93B4F10C-45CB-4824-BE6F-29EB2B30E1EB}"
EndProject
Project("{9A19103F-16F7-4668-BE54-9A1E7A4F7556}") = "xUnitTest.Common", "xUnitTest.Common\xUnitTest.Common.csproj", "{68F8F6C8-066D-4C9A-B0F7-A430B3880066}"
EndProject
Global
	GlobalSection(SolutionConfigurationPlatforms) = preSolution
		Debug|Any CPU = Debug|Any CPU
		Release|Any CPU = Release|Any CPU
	EndGlobalSection
	GlobalSection(ProjectConfigurationPlatforms) = postSolution
		{92F1F5D4-BE98-432B-B505-65459707B6FD}.Debug|Any CPU.ActiveCfg = Debug|Any CPU
		{92F1F5D4-BE98-432B-B505-65459707B6FD}.Debug|Any CPU.Build.0 = Debug|Any CPU
		{92F1F5D4-BE98-432B-B505-65459707B6FD}.Release|Any CPU.ActiveCfg = Release|Any CPU
		{92F1F5D4-BE98-432B-B505-65459707B6FD}.Release|Any CPU.Build.0 = Release|Any CPU
		{15AAF985-1512-4BFA-AF4B-302E7A049B30}.Debug|Any CPU.ActiveCfg = Debug|Any CPU
		{15AAF985-1512-4BFA-AF4B-302E7A049B30}.Debug|Any CPU.Build.0 = Debug|Any CPU
		{15AAF985-1512-4BFA-AF4B-302E7A049B30}.Release|Any CPU.ActiveCfg = Release|Any CPU
		{15AAF985-1512-4BFA-AF4B-302E7A049B30}.Release|Any CPU.Build.0 = Release|Any CPU
		{BCEB019E-984C-48E7-BD7F-1387DD75CF76}.Debug|Any CPU.ActiveCfg = Debug|Any CPU
		{BCEB019E-984C-48E7-BD7F-1387DD75CF76}.Debug|Any CPU.Build.0 = Debug|Any CPU
		{BCEB019E-984C-48E7-BD7F-1387DD75CF76}.Release|Any CPU.ActiveCfg = Release|Any CPU
		{BCEB019E-984C-48E7-BD7F-1387DD75CF76}.Release|Any CPU.Build.0 = Release|Any CPU
		{9C74590B-497E-425A-B690-D88387E5522B}.Debug|Any CPU.ActiveCfg = Debug|Any CPU
		{9C74590B-497E-425A-B690-D88387E5522B}.Debug|Any CPU.Build.0 = Debug|Any CPU
		{9C74590B-497E-425A-B690-D88387E5522B}.Release|Any CPU.ActiveCfg = Release|Any CPU
		{9C74590B-497E-425A-B690-D88387E5522B}.Release|Any CPU.Build.0 = Release|Any CPU
		{93B4F10C-45CB-4824-BE6F-29EB2B30E1EB}.Debug|Any CPU.ActiveCfg = Debug|Any CPU
		{93B4F10C-45CB-4824-BE6F-29EB2B30E1EB}.Debug|Any CPU.Build.0 = Debug|Any CPU
		{93B4F10C-45CB-4824-BE6F-29EB2B30E1EB}.Release|Any CPU.ActiveCfg = Release|Any CPU
		{93B4F10C-45CB-4824-BE6F-29EB2B30E1EB}.Release|Any CPU.Build.0 = Release|Any CPU
		{68F8F6C8-066D-4C9A-B0F7-A430B3880066}.Debug|Any CPU.ActiveCfg = Debug|Any CPU
		{68F8F6C8-066D-4C9A-B0F7-A430B3880066}.Debug|Any CPU.Build.0 = Debug|Any CPU
		{68F8F6C8-066D-4C9A-B0F7-A430B3880066}.Release|Any CPU.ActiveCfg = Release|Any CPU
		{68F8F6C8-066D-4C9A-B0F7-A430B3880066}.Release|Any CPU.Build.0 = Release|Any CPU
	EndGlobalSection
	GlobalSection(SolutionProperties) = preSolution
		HideSolutionNode = FALSE
	EndGlobalSection
	GlobalSection(ExtensibilityGlobals) = postSolution
		SolutionGuid = {9A394CC0-6379-4E19-8C2B-2BC8F087FEC5}
	EndGlobalSection
EndGlobal
